{
  "version": 1,
  "dependencies": {
    "net7.0": {
      "FluentAssertions": {
        "type": "Direct",
        "requested": "[6.7.0, )",
        "resolved": "6.7.0",
        "contentHash": "PWbow/R3MnYDP8UW7zh/w80rGb+1NufGoNJeuzouTo2bqpvwNTFxbDwF6XWfFZ5IuquL2225Um+qSyZ8jVsT+w==",
        "dependencies": {
          "System.Configuration.ConfigurationManager": "4.4.0"
        }
      },
      "Microsoft.NET.Test.Sdk": {
        "type": "Direct",
        "requested": "[17.3.2, )",
        "resolved": "17.3.2",
        "contentHash": "apR0ha1T8FujBwq1P8i/DOZjbI5XhcP/i8As4NnVztVSpZG8GtWRPCstcmgkUkBpvEfcrrDPlJWbuZY+Hl1hSg==",
        "dependencies": {
          "Microsoft.CodeCoverage": "17.3.2",
          "Microsoft.TestPlatform.TestHost": "17.3.2"
        }
      },
      "Moq": {
        "type": "Direct",
        "requested": "[4.18.2, )",
        "resolved": "4.18.2",
        "contentHash": "SjxKYS5nX6prcaT8ZjbkONh3vnh0Rxru09+gQ1a07v4TM530Oe/jq3Q4dOZPfo1wq0LYmTgLOZKrqRfEx4auPw==",
        "dependencies": {
          "Castle.Core": "5.1.0"
        }
      },
      "NUnit": {
        "type": "Direct",
        "requested": "[3.13.3, )",
        "resolved": "3.13.3",
        "contentHash": "KNPDpls6EfHwC3+nnA67fh5wpxeLb3VLFAfLxrug6JMYDLHH6InaQIWR7Sc3y75d/9IKzMksH/gi08W7XWbmnQ==",
        "dependencies": {
          "NETStandard.Library": "2.0.0"
        }
      },
      "NUnit3TestAdapter": {
        "type": "Direct",
        "requested": "[4.2.1, )",
        "resolved": "4.2.1",
        "contentHash": "kgH8VKsrcZZgNGQXRpVCrM7TnNz9li3b/snH+YmnXUNqsaWa1Xw9EQWHpbzq4Li2FbTjTE/E5N5HdLNXzZ8BpQ=="
      },
      "AutoMapper": {
        "type": "Transitive",
        "resolved": "11.0.0",
        "contentHash": "+596AnKykYCk9RxXCEF4GYuapSebQtFVvIA1oVG1rrRkCLAC7AkWehJ0brCfYUbdDW3v1H/p0W3hob7JoXGjMw==",
        "dependencies": {
          "Microsoft.CSharp": "4.7.0"
        }
      },
      "AutoMapper.Extensions.Microsoft.DependencyInjection": {
        "type": "Transitive",
        "resolved": "11.0.0",
        "contentHash": "0asw5WxdCFh2OTi9Gv+oKyH9SzxwYQSnO8TV5Dd0GggovILzJW4UimP26JAcxc3yB5NnC5urooZ1BBs8ElpiBw==",
        "dependencies": {
          "AutoMapper": "11.0.0",
          "Microsoft.Extensions.Options": "6.0.0"
        }
      },
      "Azure.Core": {
        "type": "Transitive",
        "resolved": "1.24.0",
        "contentHash": "+/qI1j2oU1S4/nvxb2k/wDsol00iGf1AyJX5g3epV7eOpQEP/2xcgh/cxgKMeFgn3U2fmgSiBnQZdkV+l5y0Uw==",
        "dependencies": {
          "Microsoft.Bcl.AsyncInterfaces": "1.1.1",
          "System.Diagnostics.DiagnosticSource": "4.6.0",
          "System.Memory.Data": "1.0.2",
          "System.Numerics.Vectors": "4.5.0",
          "System.Text.Encodings.Web": "4.7.2",
          "System.Text.Json": "4.7.2",
          "System.Threading.Tasks.Extensions": "4.5.4"
        }
      },
      "Azure.Identity": {
        "type": "Transitive",
        "resolved": "1.6.0",
        "contentHash": "EycyMsb6rD2PK9P0SyibFfEhvWWttdrYhyPF4f41uzdB/44yQlV+2Wehxyg489Rj6gbPvSPgbKq0xsHJBhipZA==",
        "dependencies": {
          "Azure.Core": "1.24.0",
          "Microsoft.Identity.Client": "4.39.0",
          "Microsoft.Identity.Client.Extensions.Msal": "2.19.3",
          "System.Memory": "4.5.4",
          "System.Security.Cryptography.ProtectedData": "4.7.0",
          "System.Text.Json": "4.7.2",
          "System.Threading.Tasks.Extensions": "4.5.4"
        }
      },
      "Castle.Core": {
        "type": "Transitive",
        "resolved": "5.1.0",
        "contentHash": "31UJpTHOiWq95CDOHazE3Ub/hE/PydNWsJMwnEVTqFFP4WhAugwpaVGxzOxKgNeSUUeqS2W6lxV+q7u1pAOfXg==",
        "dependencies": {
          "System.Diagnostics.EventLog": "6.0.0"
        }
      },
      "CsvHelper": {
        "type": "Transitive",
        "resolved": "15.0.10",
        "contentHash": "TGRBP92udO9+ffZkufQEBoLw2fadjHnvxVRefWVk2HPVNmKbOV0xKfmXzmnc81M+kl193SnwJphw1ZNMPgpf4g==",
        "dependencies": {
          "Microsoft.CSharp": "4.5.0"
        }
      },
      "Duende.IdentityServer": {
        "type": "Transitive",
        "resolved": "6.0.4",
        "contentHash": "4HVjzx1F8v5J+U7oa8RGAQGj2QzmzNSu87r18Sh+dlh10uyZZL8teAaT/FaVLDObnfItGdPFvN8mwpF/HkI3Xw==",
        "dependencies": {
          "Duende.IdentityServer.Storage": "6.0.4",
          "Microsoft.AspNetCore.Authentication.OpenIdConnect": "6.0.0"
        }
      },
      "Duende.IdentityServer.AspNetIdentity": {
        "type": "Transitive",
        "resolved": "6.0.4",
        "contentHash": "Kphmfy9KQAYcwA2JDgARakx5qWAVNhMerLXvPPI/8elQfJFJdel4OOxR42DcXamIehJSw3QjHojbeCkRQ/CX8Q==",
        "dependencies": {
          "Duende.IdentityServer": "6.0.4"
        }
      },
      "Duende.IdentityServer.EntityFramework": {
        "type": "Transitive",
        "resolved": "6.0.4",
        "contentHash": "Vr+WBeg0jPzzmp76xyhGepcLvvTbUWOOtrTUw0LhS+GQWH5z01c5QDsnC6g7bdPhFCssgG6oL2KZA5UDyfhH9Q==",
        "dependencies": {
          "Duende.IdentityServer": "6.0.4",
          "Duende.IdentityServer.EntityFramework.Storage": "6.0.4"
        }
      },
      "Duende.IdentityServer.EntityFramework.Storage": {
        "type": "Transitive",
        "resolved": "6.0.4",
        "contentHash": "Lxec/WrT4LK2iY7SI67USqbQ3X5fclNld99Ww6b5O9EyFvgWdioyBYmez3Juo+IXCr76gq1m/PxOPFtPOmIQAQ==",
        "dependencies": {
          "AutoMapper": "[11.0.0, 12.0.0)",
          "Duende.IdentityServer.Storage": "6.0.4",
          "Microsoft.EntityFrameworkCore.Relational": "6.0.0"
        }
      },
      "Duende.IdentityServer.Storage": {
        "type": "Transitive",
        "resolved": "6.0.4",
        "contentHash": "s5gAjfbpr2IMgI+fU2Nx+2AZdzstmbt9gpo13iX7GwvqSeSaBVqj9ZskAN0R2KF1OemPdZuGnfaTcevdXMUrrw==",
        "dependencies": {
          "IdentityModel": "6.0.0",
          "Microsoft.AspNetCore.DataProtection.Abstractions": "6.0.0"
        }
      },
      "FluentValidation": {
        "type": "Transitive",
        "resolved": "10.3.4",
        "contentHash": "hsGRtnhTlCrRbxIOkKp6rCBtkq3UV0i31ckcJtd5j1i99zqLgbQGcbxK0SMU63DIto94f++uIdRpoycu8ySnDQ=="
      },
      "FluentValidation.DependencyInjectionExtensions": {
        "type": "Transitive",
        "resolved": "10.3.4",
        "contentHash": "LS0opGF4r/upI92Y+bToBzFqHYrfuHDWz9z9DN2hUn+/tmt9lN8n0bevyswabdKlTwL6s8vMhVQxHXM8wjOAbQ==",
        "dependencies": {
          "FluentValidation": "10.3.4",
          "Microsoft.Extensions.Dependencyinjection.Abstractions": "2.1.0"
        }
      },
      "IdentityModel": {
        "type": "Transitive",
        "resolved": "6.0.0",
        "contentHash": "eVHCR7a6m/dm5RFcBzE3qs/Jg5j9R5Rjpu8aTOv9e4AFvaQtBXb5ah7kmwU+YwA0ufRwz4wf1hnIvsD2hSnI4g=="
      },
      "MediatR": {
        "type": "Transitive",
        "resolved": "9.0.0",
        "contentHash": "8b3UYNxegHVYcJMG2zH8wn+YqxLvXG+eMfj0cMCq/jTW72p6O3PCKMkrIv0mqyxdW7bA4gblsocw7n+/9Akg5g=="
      },
      "MediatR.Extensions.Microsoft.DependencyInjection": {
        "type": "Transitive",
        "resolved": "9.0.0",
        "contentHash": "msreY4ogiPdIRWiCQVHQDytIQpsZCLWsixWPZ+Xs86KZrvtuiV8BDHbIT0kBmogynVYWNpspb3caw+86YU8L6w==",
        "dependencies": {
          "MediatR": "9.0.0",
          "Microsoft.Extensions.DependencyInjection.Abstractions": "2.0.0"
        }
      },
      "Microsoft.AspNetCore.ApiAuthorization.IdentityServer": {
        "type": "Transitive",
        "resolved": "7.0.0-rc.2.22476.2",
        "contentHash": "779m+eoZzOad/b5NlWu9Ivs7qUdbotErL7q30ktygKclNFWt19utILFjnAcKsCS+/9cYSoV/p9WrRXeMEoirwQ==",
        "dependencies": {
          "Duende.IdentityServer": "6.0.4",
          "Duende.IdentityServer.AspNetIdentity": "6.0.4",
          "Duende.IdentityServer.EntityFramework": "6.0.4",
          "Duende.IdentityServer.EntityFramework.Storage": "6.0.4",
          "Duende.IdentityServer.Storage": "6.0.4",
          "Microsoft.AspNetCore.Authentication.JwtBearer": "7.0.0-rc.2.22476.2",
          "Microsoft.AspNetCore.Identity.EntityFrameworkCore": "7.0.0-rc.2.22476.2",
          "Microsoft.AspNetCore.Identity.UI": "7.0.0-rc.2.22476.2",
          "Microsoft.Extensions.Configuration.Binder": "7.0.0-rc.2.22472.3",
          "Microsoft.Extensions.Http": "7.0.0-rc.2.22472.3",
          "Newtonsoft.Json": "13.0.1"
        }
      },
      "Microsoft.AspNetCore.Authentication.JwtBearer": {
        "type": "Transitive",
        "resolved": "7.0.0-rc.2.22476.2",
        "contentHash": "sTNZLkyIJR+AewspVYBlcWb54EDuv3AkZDQ6jlnN60vFUIppxOfgVAhxqo4tNLAfbOnqGcX2zrjJ6UGGY6mIDA==",
        "dependencies": {
          "Microsoft.IdentityModel.Protocols.OpenIdConnect": "6.15.1"
        }
      },
      "Microsoft.AspNetCore.Authentication.OpenIdConnect": {
        "type": "Transitive",
        "resolved": "6.0.0",
        "contentHash": "cJxdro36spFzk/K2OFCddM6vZ+yoj6ug8mTFRH3Gdv1Pul/buSuCtfb/FSCp31UmS5S4C1315dU7wX3ErLFuDg==",
        "dependencies": {
          "Microsoft.IdentityModel.Protocols.OpenIdConnect": "6.10.0"
        }
      },
      "Microsoft.AspNetCore.Cryptography.Internal": {
        "type": "Transitive",
        "resolved": "7.0.0-rc.2.22476.2",
        "contentHash": "s2uBHODsYV1euNveHJNwEf0O9nNXsbgb/6rbdOQZUXy6lCDJPC0mxjgUxeT3g/UczVPpQNbch5uO5WUzKirekg=="
      },
      "Microsoft.AspNetCore.Cryptography.KeyDerivation": {
        "type": "Transitive",
        "resolved": "7.0.0-rc.2.22476.2",
        "contentHash": "Ove59FmdBXRvDNnk/2UFBFJ7BswKA5Qoqj+Ux4RG27Ykc8Vvfz1j1i3ME09syV4FP5SHQsQMhOG6scOry05QJw==",
        "dependencies": {
          "Microsoft.AspNetCore.Cryptography.Internal": "7.0.0-rc.2.22476.2"
        }
      },
      "Microsoft.AspNetCore.DataProtection.Abstractions": {
        "type": "Transitive",
        "resolved": "6.0.0",
        "contentHash": "Z/UU4NEBm5UgNufJmw+j5baW26ytCOIZ0G7sZocPaOzsUeBon1bkM3lSMNZQG2GmDjAIVP2XMSODf2jzSGbibw=="
      },
      "Microsoft.AspNetCore.Diagnostics.EntityFrameworkCore": {
        "type": "Transitive",
        "resolved": "7.0.0-rc.2.22476.2",
        "contentHash": "d5YxOWRXS0H8Dxuazpg7B91wWzeeyUrOTDDLzFS3MHYzWGsPiNLNPX1cClAZ1Lu7/uVmPJfQ+md3fxyjB8Dkuw==",
        "dependencies": {
          "Microsoft.EntityFrameworkCore.Relational": "7.0.0-rc.2.22472.11"
        }
      },
      "Microsoft.AspNetCore.Identity.EntityFrameworkCore": {
        "type": "Transitive",
        "resolved": "7.0.0-rc.2.22476.2",
        "contentHash": "h+37EZINuxQ2kNoeIcDKoP6ly7F/zGvvMq/Mye+RTz67UqcXrDB4Tqy0YJZA9UhSkcF7yBye0P1yrL4MKOtqJQ==",
        "dependencies": {
          "Microsoft.EntityFrameworkCore.Relational": "7.0.0-rc.2.22472.11",
          "Microsoft.Extensions.Identity.Stores": "7.0.0-rc.2.22476.2"
        }
      },
      "Microsoft.AspNetCore.Identity.UI": {
        "type": "Transitive",
        "resolved": "7.0.0-rc.2.22476.2",
        "contentHash": "zMfa/9WURnRz+O+vLXqqpTklzV2TNfX29CDOWZ1LtTYNNul0Tw+a38towSpnFST5JnUc0aas79ME8c4YSdFcDw==",
        "dependencies": {
          "Microsoft.Extensions.FileProviders.Embedded": "7.0.0-rc.2.22476.2",
          "Microsoft.Extensions.Identity.Stores": "7.0.0-rc.2.22476.2"
        }
      },
      "Microsoft.Bcl.AsyncInterfaces": {
        "type": "Transitive",
        "resolved": "1.1.1",
        "contentHash": "yuvf07qFWFqtK3P/MRkEKLhn5r2UbSpVueRziSqj0yJQIKFwG1pq9mOayK3zE5qZCTs0CbrwL9M6R8VwqyGy2w=="
      },
      "Microsoft.CodeCoverage": {
        "type": "Transitive",
        "resolved": "17.3.2",
        "contentHash": "+CeYNY9hYNRgv1wAID5koeDVob1ZOrOYfRRTLxU9Zm5ZMDMkMZ8wzXgakxVv+jtk8tPdE8Ze9vVE+czMKapv/Q=="
      },
      "Microsoft.CSharp": {
        "type": "Transitive",
        "resolved": "4.7.0",
        "contentHash": "pTj+D3uJWyN3My70i2Hqo+OXixq3Os2D1nJ2x92FFo6sk8fYS1m1WLNTs0Dc1uPaViH0YvEEwvzddQ7y4rhXmA=="
      },
      "Microsoft.Data.SqlClient": {
        "type": "Transitive",
        "resolved": "5.0.0",
        "contentHash": "SSs/sdfcu3gwC04eNxXTZb3s4vA5JhxTx0oQh9lBamWVudSfH4NYs0Uoyndhzu726abnbHuXHUooOvgMfcbKUA==",
        "dependencies": {
          "Azure.Identity": "1.6.0",
          "Microsoft.Data.SqlClient.SNI.runtime": "5.0.0",
          "Microsoft.Identity.Client": "4.45.0",
          "Microsoft.IdentityModel.JsonWebTokens": "6.21.0",
          "Microsoft.IdentityModel.Protocols.OpenIdConnect": "6.21.0",
          "Microsoft.SqlServer.Server": "1.0.0",
          "Microsoft.Win32.Registry": "5.0.0",
          "System.Buffers": "4.5.1",
          "System.Configuration.ConfigurationManager": "5.0.0",
          "System.Diagnostics.DiagnosticSource": "5.0.0",
          "System.IO": "4.3.0",
          "System.Resources.ResourceManager": "4.3.0",
          "System.Runtime.Caching": "5.0.0",
          "System.Security.Cryptography.Cng": "5.0.0",
          "System.Security.Principal.Windows": "5.0.0",
          "System.Text.Encoding.CodePages": "5.0.0",
          "System.Text.Encodings.Web": "4.7.2"
        }
      },
      "Microsoft.Data.SqlClient.SNI.runtime": {
        "type": "Transitive",
        "resolved": "5.0.0",
        "contentHash": "1HkESJU1T/D8sJ1jlpEQRgx2SXCNyXzmUuS0hNBDyYGIAi7l8qlbaTptzSOUSXqmsz5MVQfo6+WFAIx8LQaRIQ=="
      },
      "Microsoft.EntityFrameworkCore": {
        "type": "Transitive",
        "resolved": "7.0.0-rc.2.22472.11",
        "contentHash": "m3Xu8EtyhDY7baLnoYx4Lgx9l0vKNzE295WgtTMJ/SW7X/m7XAHdsvlhMRKaxqCI8qWvQrpTNpNsq+UpacGgoQ==",
        "dependencies": {
          "Microsoft.EntityFrameworkCore.Abstractions": "7.0.0-rc.2.22472.11",
          "Microsoft.EntityFrameworkCore.Analyzers": "7.0.0-rc.2.22472.11",
          "Microsoft.Extensions.Caching.Memory": "7.0.0-rc.2.22472.3",
          "Microsoft.Extensions.DependencyInjection": "7.0.0-rc.2.22472.3",
          "Microsoft.Extensions.Logging": "7.0.0-rc.2.22472.3"
        }
      },
      "Microsoft.EntityFrameworkCore.Abstractions": {
        "type": "Transitive",
        "resolved": "7.0.0-rc.2.22472.11",
        "contentHash": "U13O4SiM7ORag3dNZMprtre3PX7nMigpxPa87zAFG8LH2EdX8A6MOlMD7Edf+FopYsPm4OIAWoQtkxs96mm3+A=="
      },
      "Microsoft.EntityFrameworkCore.Analyzers": {
        "type": "Transitive",
        "resolved": "7.0.0-rc.2.22472.11",
        "contentHash": "9+eDmQjK1fwYG6xBAtDMoRsGyx5bPH2Hph9/GwqMqPZnayAndxF35y5xCxNbeDnbw4MneMLOYARy1BbG6rjqcA=="
      },
      "Microsoft.EntityFrameworkCore.InMemory": {
        "type": "Transitive",
        "resolved": "7.0.0-rc.2.22472.11",
        "contentHash": "LzXL5U4qBuXFa2oEDgtJamR1GM2KDt01PZKe9G5S/SHlxuWnD2U82NbIVyO9TS01XmQWiNXgz5tGG8+nCWY3Mw==",
        "dependencies": {
          "Microsoft.EntityFrameworkCore": "7.0.0-rc.2.22472.11"
        }
      },
      "Microsoft.EntityFrameworkCore.Relational": {
        "type": "Transitive",
        "resolved": "7.0.0-rc.2.22472.11",
        "contentHash": "x9ItEYClWDjhKbXNygC3Pksr5oiMhFC05nQ7odRCsefSMLkP3YWRNgeV9lUgA3KP/dpvyUvbww/g14cXiZ5rzQ==",
        "dependencies": {
          "Microsoft.EntityFrameworkCore": "7.0.0-rc.2.22472.11",
          "Microsoft.Extensions.Configuration.Abstractions": "7.0.0-rc.2.22472.3"
        }
      },
      "Microsoft.EntityFrameworkCore.SqlServer": {
        "type": "Transitive",
        "resolved": "7.0.0-rc.2.22472.11",
        "contentHash": "ID3v6athJq8tLvIB9LIbip1r5nvz+lCjnBw22570oLLUBbC/nFtjadQih/WBAHqk+wzHGeh6+72n1YxxedoqJw==",
        "dependencies": {
          "Microsoft.Data.SqlClient": "5.0.0",
          "Microsoft.EntityFrameworkCore.Relational": "7.0.0-rc.2.22472.11"
        }
      },
      "Microsoft.Extensions.Caching.Abstractions": {
        "type": "Transitive",
        "resolved": "7.0.0-rc.2.22472.3",
        "contentHash": "GyDefNLdX1pDyW/t+oTEqiLuKIQ337GN5JtUr74UNz6mDisP9JznsQnvlgUyg0QIdZoOb4Pwnw7xJe1WKSFRqA==",
        "dependencies": {
          "Microsoft.Extensions.Primitives": "7.0.0-rc.2.22472.3"
        }
      },
      "Microsoft.Extensions.Caching.Memory": {
        "type": "Transitive",
        "resolved": "7.0.0-rc.2.22472.3",
        "contentHash": "yWAvD5oLbN0/Ws+/uT4EexLGGPqB/GwGvyzSXYTTppo7JfpfMU+AEw8SpR4DPFoJqBpFn8rWSgiiT7nKCWPQ1w==",
        "dependencies": {
          "Microsoft.Extensions.Caching.Abstractions": "7.0.0-rc.2.22472.3",
          "Microsoft.Extensions.DependencyInjection.Abstractions": "7.0.0-rc.2.22472.3",
          "Microsoft.Extensions.Logging.Abstractions": "7.0.0-rc.2.22472.3",
          "Microsoft.Extensions.Options": "7.0.0-rc.2.22472.3",
          "Microsoft.Extensions.Primitives": "7.0.0-rc.2.22472.3"
        }
      },
      "Microsoft.Extensions.Configuration.Abstractions": {
        "type": "Transitive",
        "resolved": "7.0.0-rc.2.22472.3",
        "contentHash": "Wa2RZr15BZJKPOwIN/K5YXVAaIk1cVCEEnZrGZrSGEY0DckpkUQi6CaqIl6gm6hmTOdfWrDKxqywizlo0IkgyQ==",
        "dependencies": {
          "Microsoft.Extensions.Primitives": "7.0.0-rc.2.22472.3"
        }
      },
      "Microsoft.Extensions.Configuration.Binder": {
        "type": "Transitive",
        "resolved": "7.0.0-rc.2.22472.3",
        "contentHash": "Wv5mIUllalppHmP/K+gvzNFUmohtjvnOTVC16es01N57Ll0d89OZl0VG8sVmB6NB3wd8W7Twm7EuBgJ/WnhNWw==",
        "dependencies": {
          "Microsoft.Extensions.Configuration.Abstractions": "7.0.0-rc.2.22472.3"
        }
      },
      "Microsoft.Extensions.DependencyInjection": {
        "type": "Transitive",
        "resolved": "7.0.0-rc.2.22472.3",
        "contentHash": "z9XJWJ9JUUkSdN45DX7rD4+jhkoGl/YNYCpyPxk0atlY8SzaeHGRpZnQ6cVGjn2M2CaJUZNzLmzxvt7ZOXd2Cg==",
        "dependencies": {
          "Microsoft.Extensions.DependencyInjection.Abstractions": "7.0.0-rc.2.22472.3"
        }
      },
      "Microsoft.Extensions.DependencyInjection.Abstractions": {
        "type": "Transitive",
        "resolved": "7.0.0-rc.2.22472.3",
        "contentHash": "lHFpZa182Ea84j7A4mViU+fp5Hji45jmzw7Jg+Ay/ID7HkxPz2zpSHh4rwHqeElufcPXhUl0FDuLrxiF76htfw=="
      },
      "Microsoft.Extensions.FileProviders.Abstractions": {
        "type": "Transitive",
        "resolved": "7.0.0-rc.2.22472.3",
        "contentHash": "rJYuHNjzvNm1cy7s5wkiTqYM5RKnhbM7NG74VAZDxDOgXSEtNhBABeWwMRDELgVPX6zJsD5FiuDROij172LUOQ==",
        "dependencies": {
          "Microsoft.Extensions.Primitives": "7.0.0-rc.2.22472.3"
        }
      },
      "Microsoft.Extensions.FileProviders.Embedded": {
        "type": "Transitive",
        "resolved": "7.0.0-rc.2.22476.2",
        "contentHash": "R4RKPRjy5815SFsW6MfA3tQZtlJBbIykHoSLBiTtmuGtbr05liqo7WNxqJOHD9whhNEG/H82WagutXQXrU+hwQ==",
        "dependencies": {
          "Microsoft.Extensions.FileProviders.Abstractions": "7.0.0-rc.2.22472.3"
        }
      },
      "Microsoft.Extensions.Http": {
        "type": "Transitive",
        "resolved": "7.0.0-rc.2.22472.3",
        "contentHash": "p0jlQ1sdjStbwcGXcZ/1M+9Uegz8Idy6oSXCeutUSWMA5xUuX7eYD2vAt7B5exDUZwJOfOGj/XTY0zfoDW1sAg==",
        "dependencies": {
          "Microsoft.Extensions.DependencyInjection.Abstractions": "7.0.0-rc.2.22472.3",
          "Microsoft.Extensions.Logging": "7.0.0-rc.2.22472.3",
          "Microsoft.Extensions.Logging.Abstractions": "7.0.0-rc.2.22472.3",
          "Microsoft.Extensions.Options": "7.0.0-rc.2.22472.3"
        }
      },
      "Microsoft.Extensions.Identity.Core": {
        "type": "Transitive",
        "resolved": "7.0.0-rc.2.22476.2",
        "contentHash": "gz9WmtG9slSaPWa/0xe/QbbI1BJ5cer1RSlT3llm9e2lPggD+ChxbkQgxTzp2Iak/x0nhXNk0EWXyZ9ozrjQPQ==",
        "dependencies": {
          "Microsoft.AspNetCore.Cryptography.KeyDerivation": "7.0.0-rc.2.22476.2",
          "Microsoft.Extensions.Logging": "7.0.0-rc.2.22472.3",
          "Microsoft.Extensions.Options": "7.0.0-rc.2.22472.3"
        }
      },
      "Microsoft.Extensions.Identity.Stores": {
        "type": "Transitive",
        "resolved": "7.0.0-rc.2.22476.2",
        "contentHash": "lY4XZCBANpA6sjsGX/euCybbSti8/hfQ08eeDthYd6PKX4eGHIJYkKwZes63wSjr4iqzJ6ZRPJU6/xD/s8w6Rg==",
        "dependencies": {
          "Microsoft.Extensions.Caching.Abstractions": "7.0.0-rc.2.22472.3",
          "Microsoft.Extensions.Identity.Core": "7.0.0-rc.2.22476.2",
          "Microsoft.Extensions.Logging": "7.0.0-rc.2.22472.3"
        }
      },
      "Microsoft.Extensions.Logging": {
        "type": "Transitive",
        "resolved": "7.0.0-rc.2.22472.3",
        "contentHash": "kEz03ifmDrjZ/vB0gjHSAu08sYjSPqxTAQH1snCGnrrd/4BjwJYAMKMWXVmI5qjz/Hn6OW3lcGiJOyHFYMPKkg==",
        "dependencies": {
          "Microsoft.Extensions.DependencyInjection": "7.0.0-rc.2.22472.3",
          "Microsoft.Extensions.DependencyInjection.Abstractions": "7.0.0-rc.2.22472.3",
          "Microsoft.Extensions.Logging.Abstractions": "7.0.0-rc.2.22472.3",
          "Microsoft.Extensions.Options": "7.0.0-rc.2.22472.3"
        }
      },
      "Microsoft.Extensions.Logging.Abstractions": {
        "type": "Transitive",
        "resolved": "7.0.0-rc.2.22472.3",
        "contentHash": "2BjU2gAupioo+bEYIeRvqND+JGs/3jtuw9/uba35StZcqGekq5ew0omakVEuP0j+P39YdzUnHEzVPAiKlW/lXw=="
      },
      "Microsoft.Extensions.Options": {
        "type": "Transitive",
        "resolved": "7.0.0-rc.2.22472.3",
        "contentHash": "wDIbcTUTUI/yjaCQNtO2Kv/DbWwWiJ1ISj//XXjyUhoIXRf/mbxmOBO9cEEe3BlMEAIEAipf4TpSLy2ax+1OBw==",
        "dependencies": {
          "Microsoft.Extensions.DependencyInjection.Abstractions": "7.0.0-rc.2.22472.3",
          "Microsoft.Extensions.Primitives": "7.0.0-rc.2.22472.3"
        }
      },
      "Microsoft.Extensions.Primitives": {
        "type": "Transitive",
        "resolved": "7.0.0-rc.2.22472.3",
        "contentHash": "XoBFPCoDP+WVF/UJ3s3OrJIsNkqbmMSu+voMXQwwUqTQW3vze7+HtEWWATaG2EPjJz+GdcpaNddVagNcVpvoKQ=="
      },
      "Microsoft.Identity.Client": {
        "type": "Transitive",
        "resolved": "4.45.0",
        "contentHash": "ircobISCLWbtE5eEoLKU+ldfZ8O41vg4lcy38KRj/znH17jvBiAl8oxcyNp89CsuqE3onxIpn21Ca7riyDDrRw==",
        "dependencies": {
          "Microsoft.IdentityModel.Abstractions": "6.18.0"
        }
      },
      "Microsoft.Identity.Client.Extensions.Msal": {
        "type": "Transitive",
        "resolved": "2.19.3",
        "contentHash": "zVVZjn8aW7W79rC1crioDgdOwaFTQorsSO6RgVlDDjc7MvbEGz071wSNrjVhzR0CdQn6Sefx7Abf1o7vasmrLg==",
        "dependencies": {
          "Microsoft.Identity.Client": "4.38.0",
          "System.Security.Cryptography.ProtectedData": "4.5.0"
        }
      },
      "Microsoft.IdentityModel.Abstractions": {
        "type": "Transitive",
        "resolved": "6.21.0",
        "contentHash": "XeE6LQtD719Qs2IG7HDi1TSw9LIkDbJ33xFiOBoHbApVw/8GpIBCbW+t7RwOjErUDyXZvjhZliwRkkLb8Z1uzg=="
      },
      "Microsoft.IdentityModel.JsonWebTokens": {
        "type": "Transitive",
        "resolved": "6.21.0",
        "contentHash": "d3h1/BaMeylKTkdP6XwRCxuOoDJZ44V9xaXr6gl5QxmpnZGdoK3bySo3OQN8ehRLJHShb94ElLUvoXyglQtgAw==",
        "dependencies": {
          "Microsoft.IdentityModel.Tokens": "6.21.0"
        }
      },
      "Microsoft.IdentityModel.Logging": {
        "type": "Transitive",
        "resolved": "6.21.0",
        "contentHash": "tuEhHIQwvBEhMf8I50hy8FHmRSUkffDFP5EdLsSDV4qRcl2wvOPkQxYqEzWkh+ytW6sbdJGEXElGhmhDfAxAKg==",
        "dependencies": {
          "Microsoft.IdentityModel.Abstractions": "6.21.0"
        }
      },
      "Microsoft.IdentityModel.Protocols": {
        "type": "Transitive",
        "resolved": "6.21.0",
        "contentHash": "0FqY5cTLQKtHrClzHEI+QxJl8OBT2vUiEQQB7UKk832JDiJJmetzYZ3AdSrPjN/3l3nkhByeWzXnhrX0JbifKg==",
        "dependencies": {
          "Microsoft.IdentityModel.Logging": "6.21.0",
          "Microsoft.IdentityModel.Tokens": "6.21.0"
        }
      },
      "Microsoft.IdentityModel.Protocols.OpenIdConnect": {
        "type": "Transitive",
        "resolved": "6.21.0",
        "contentHash": "vtSKL7n6EnAsLyxmiviusm6LKrblT2ndnNqN6rvVq6iIHAnPCK9E2DkDx6h1Jrpy1cvbp40r0cnTg23nhEAGTA==",
        "dependencies": {
          "Microsoft.IdentityModel.Protocols": "6.21.0",
          "System.IdentityModel.Tokens.Jwt": "6.21.0"
        }
      },
      "Microsoft.IdentityModel.Tokens": {
        "type": "Transitive",
        "resolved": "6.21.0",
        "contentHash": "AAEHZvZyb597a+QJSmtxH3n2P1nIJGpZ4Q89GTenknRx6T6zyfzf592yW/jA5e8EHN4tNMjjXHQaYWEq5+L05w==",
        "dependencies": {
          "Microsoft.CSharp": "4.5.0",
          "Microsoft.IdentityModel.Logging": "6.21.0",
          "System.Security.Cryptography.Cng": "4.5.0"
        }
      },
      "Microsoft.NETCore.Platforms": {
        "type": "Transitive",
        "resolved": "5.0.0",
        "contentHash": "VyPlqzH2wavqquTcYpkIIAQ6WdenuKoFN0BdYBbCWsclXacSOHNQn66Gt4z5NBqEYW0FAPm5rlvki9ZiCij5xQ=="
      },
      "Microsoft.NETCore.Targets": {
        "type": "Transitive",
        "resolved": "1.1.0",
        "contentHash": "aOZA3BWfz9RXjpzt0sRJJMjAscAUm3Hoa4UWAfceV9UTYxgwZ1lZt5nO2myFf+/jetYQo4uTP7zS8sJY67BBxg=="
      },
      "Microsoft.SqlServer.Server": {
        "type": "Transitive",
        "resolved": "1.0.0",
        "contentHash": "N4KeF3cpcm1PUHym1RmakkzfkEv3GRMyofVv40uXsQhCQeglr2OHNcUk2WOG51AKpGO8ynGpo9M/kFXSzghwug=="
      },
      "Microsoft.TestPlatform.ObjectModel": {
        "type": "Transitive",
        "resolved": "17.3.2",
        "contentHash": "DJEIfSA2GDC+2m42vKGNR2hm+Uhta4SpCsLZVVvYIiYMjxtk7GzNnv82qvE4SCW3kIYllMg2D0rr8juuj/f7AA==",
        "dependencies": {
          "NuGet.Frameworks": "5.11.0",
          "System.Reflection.Metadata": "1.6.0"
        }
      },
      "Microsoft.TestPlatform.TestHost": {
        "type": "Transitive",
        "resolved": "17.3.2",
        "contentHash": "113J19v31pIx+PzmdEw67cWTZWh/YApnprbclFeat6szNbnpKOKG7Ap4PX5LT6E5Da+xONyilxvx2HZPpEaXPQ==",
        "dependencies": {
          "Microsoft.TestPlatform.ObjectModel": "17.3.2",
          "Newtonsoft.Json": "9.0.1"
        }
      },
      "Microsoft.Win32.Registry": {
        "type": "Transitive",
        "resolved": "5.0.0",
        "contentHash": "dDoKi0PnDz31yAyETfRntsLArTlVAVzUzCIvvEDsDsucrl33Dl8pIJG06ePTJTI3tGpeyHS9Cq7Foc/s4EeKcg==",
        "dependencies": {
          "System.Security.AccessControl": "5.0.0",
          "System.Security.Principal.Windows": "5.0.0"
        }
      },
      "Microsoft.Win32.SystemEvents": {
        "type": "Transitive",
        "resolved": "5.0.0",
        "contentHash": "Bh6blKG8VAKvXiLe2L+sEsn62nc1Ij34MrNxepD2OCrS5cpCwQa9MeLyhVQPQ/R4Wlzwuy6wMK8hLb11QPDRsQ==",
        "dependencies": {
          "Microsoft.NETCore.Platforms": "5.0.0"
        }
      },
      "NETStandard.Library": {
        "type": "Transitive",
        "resolved": "2.0.0",
        "contentHash": "7jnbRU+L08FXKMxqUflxEXtVymWvNOrS8yHgu9s6EM8Anr6T/wIX4nZ08j/u3Asz+tCufp3YVwFSEvFTPYmBPA==",
        "dependencies": {
          "Microsoft.NETCore.Platforms": "1.1.0"
        }
      },
      "Newtonsoft.Json": {
        "type": "Transitive",
        "resolved": "13.0.1",
        "contentHash": "ppPFpBcvxdsfUonNcvITKqLl3bqxWbDCZIzDWHzjpdAHRFfZe0Dw9HmA0+za13IdyrgJwpkDTDA9fHaxOrt20A=="
      },
      "NuGet.Frameworks": {
        "type": "Transitive",
        "resolved": "5.11.0",
        "contentHash": "eaiXkUjC4NPcquGWzAGMXjuxvLwc6XGKMptSyOGQeT0X70BUZObuybJFZLA0OfTdueLd3US23NBPTBb6iF3V1Q=="
      },
      "System.Buffers": {
        "type": "Transitive",
        "resolved": "4.5.1",
        "contentHash": "Rw7ijyl1qqRS0YQD/WycNst8hUUMgrMH4FCn1nNm27M4VxchZ1js3fVjQaANHO5f3sN4isvP4a+Met9Y4YomAg=="
      },
      "System.Configuration.ConfigurationManager": {
        "type": "Transitive",
        "resolved": "5.0.0",
        "contentHash": "aM7cbfEfVNlEEOj3DsZP+2g9NRwbkyiAv2isQEzw7pnkDg9ekCU2m1cdJLM02Uq691OaCS91tooaxcEn8d0q5w==",
        "dependencies": {
          "System.Security.Cryptography.ProtectedData": "5.0.0",
          "System.Security.Permissions": "5.0.0"
        }
      },
      "System.Diagnostics.DiagnosticSource": {
        "type": "Transitive",
        "resolved": "5.0.0",
        "contentHash": "tCQTzPsGZh/A9LhhA6zrqCRV4hOHsK90/G7q3Khxmn6tnB1PuNU0cRaKANP2AWcF9bn0zsuOoZOSrHuJk6oNBA=="
      },
      "System.Diagnostics.EventLog": {
        "type": "Transitive",
        "resolved": "6.0.0",
        "contentHash": "lcyUiXTsETK2ALsZrX+nWuHSIQeazhqPphLfaRxzdGaG93+0kELqpgEHtwWOlQe7+jSFnKwaCAgL4kjeZCQJnw=="
      },
      "System.Drawing.Common": {
        "type": "Transitive",
        "resolved": "5.0.0",
        "contentHash": "SztFwAnpfKC8+sEKXAFxCBWhKQaEd97EiOL7oZJZP56zbqnLpmxACWA8aGseaUExciuEAUuR9dY8f7HkTRAdnw==",
        "dependencies": {
          "Microsoft.Win32.SystemEvents": "5.0.0"
        }
      },
      "System.Formats.Asn1": {
        "type": "Transitive",
        "resolved": "5.0.0",
        "contentHash": "MTvUIktmemNB+El0Fgw9egyqT9AYSIk6DTJeoDSpc3GIHxHCMo8COqkWT1mptX5tZ1SlQ6HJZ0OsSvMth1c12w=="
      },
      "System.Globalization": {
        "type": "Transitive",
        "resolved": "4.3.0",
        "contentHash": "kYdVd2f2PAdFGblzFswE4hkNANJBKRmsfa2X5LG2AcWE1c7/4t0pYae1L8vfZ5xvE2nK/R9JprtToA61OSHWIg==",
        "dependencies": {
          "Microsoft.NETCore.Platforms": "1.1.0",
          "Microsoft.NETCore.Targets": "1.1.0",
          "System.Runtime": "4.3.0"
        }
      },
      "System.IdentityModel.Tokens.Jwt": {
        "type": "Transitive",
        "resolved": "6.21.0",
        "contentHash": "JRD8AuypBE+2zYxT3dMJomQVsPYsCqlyZhWel3J1d5nzQokSRyTueF+Q4ID3Jcu6zSZKuzOdJ1MLTkbQsDqcvQ==",
        "dependencies": {
          "Microsoft.IdentityModel.JsonWebTokens": "6.21.0",
          "Microsoft.IdentityModel.Tokens": "6.21.0"
        }
      },
      "System.IO": {
        "type": "Transitive",
        "resolved": "4.3.0",
        "contentHash": "3qjaHvxQPDpSOYICjUoTsmoq5u6QJAFRUITgeT/4gqkF1bajbSmb1kwSxEA8AHlofqgcKJcM8udgieRNhaJ5Cg==",
        "dependencies": {
          "Microsoft.NETCore.Platforms": "1.1.0",
          "Microsoft.NETCore.Targets": "1.1.0",
          "System.Runtime": "4.3.0",
          "System.Text.Encoding": "4.3.0",
          "System.Threading.Tasks": "4.3.0"
        }
      },
      "System.Memory": {
        "type": "Transitive",
        "resolved": "4.5.4",
        "contentHash": "1MbJTHS1lZ4bS4FmsJjnuGJOu88ZzTT2rLvrhW7Ygic+pC0NWA+3hgAen0HRdsocuQXCkUTdFn9yHJJhsijDXw=="
      },
      "System.Memory.Data": {
        "type": "Transitive",
        "resolved": "1.0.2",
        "contentHash": "JGkzeqgBsiZwKJZ1IxPNsDFZDhUvuEdX8L8BDC8N3KOj+6zMcNU28CNN59TpZE/VJYy9cP+5M+sbxtWJx3/xtw==",
        "dependencies": {
          "System.Text.Encodings.Web": "4.7.2",
          "System.Text.Json": "4.6.0"
        }
      },
      "System.Numerics.Vectors": {
        "type": "Transitive",
        "resolved": "4.5.0",
        "contentHash": "QQTlPTl06J/iiDbJCiepZ4H//BVraReU4O4EoRw1U02H5TLUIT7xn3GnDp9AXPSlJUDyFs4uWjWafNX6WrAojQ=="
      },
      "System.Reflection": {
        "type": "Transitive",
        "resolved": "4.3.0",
        "contentHash": "KMiAFoW7MfJGa9nDFNcfu+FpEdiHpWgTcS2HdMpDvt9saK3y/G4GwprPyzqjFH9NTaGPQeWNHU+iDlDILj96aQ==",
        "dependencies": {
          "Microsoft.NETCore.Platforms": "1.1.0",
          "Microsoft.NETCore.Targets": "1.1.0",
          "System.IO": "4.3.0",
          "System.Reflection.Primitives": "4.3.0",
          "System.Runtime": "4.3.0"
        }
      },
      "System.Reflection.Metadata": {
        "type": "Transitive",
        "resolved": "1.6.0",
        "contentHash": "COC1aiAJjCoA5GBF+QKL2uLqEBew4JsCkQmoHKbN3TlOZKa2fKLz5CpiRQKDz0RsAOEGsVKqOD5bomsXq/4STQ=="
      },
      "System.Reflection.Primitives": {
        "type": "Transitive",
        "resolved": "4.3.0",
        "contentHash": "5RXItQz5As4xN2/YUDxdpsEkMhvw3e6aNveFXUn4Hl/udNTCNhnKp8lT9fnc3MhvGKh1baak5CovpuQUXHAlIA==",
        "dependencies": {
          "Microsoft.NETCore.Platforms": "1.1.0",
          "Microsoft.NETCore.Targets": "1.1.0",
          "System.Runtime": "4.3.0"
        }
      },
      "System.Resources.ResourceManager": {
        "type": "Transitive",
        "resolved": "4.3.0",
        "contentHash": "/zrcPkkWdZmI4F92gL/TPumP98AVDu/Wxr3CSJGQQ+XN6wbRZcyfSKVoPo17ilb3iOr0cCRqJInGwNMolqhS8A==",
        "dependencies": {
          "Microsoft.NETCore.Platforms": "1.1.0",
          "Microsoft.NETCore.Targets": "1.1.0",
          "System.Globalization": "4.3.0",
          "System.Reflection": "4.3.0",
          "System.Runtime": "4.3.0"
        }
      },
      "System.Runtime": {
        "type": "Transitive",
        "resolved": "4.3.0",
        "contentHash": "JufQi0vPQ0xGnAczR13AUFglDyVYt4Kqnz1AZaiKZ5+GICq0/1MH/mO/eAJHt/mHW1zjKBJd7kV26SrxddAhiw==",
        "dependencies": {
          "Microsoft.NETCore.Platforms": "1.1.0",
          "Microsoft.NETCore.Targets": "1.1.0"
        }
      },
      "System.Runtime.Caching": {
        "type": "Transitive",
        "resolved": "5.0.0",
        "contentHash": "30D6MkO8WF9jVGWZIP0hmCN8l9BTY4LCsAzLIe4xFSXzs+AjDotR7DpSmj27pFskDURzUvqYYY0ikModgBTxWw==",
        "dependencies": {
          "System.Configuration.ConfigurationManager": "5.0.0"
        }
      },
      "System.Security.AccessControl": {
        "type": "Transitive",
        "resolved": "5.0.0",
        "contentHash": "dagJ1mHZO3Ani8GH0PHpPEe/oYO+rVdbQjvjJkBRNQkX4t0r1iaeGn8+/ybkSLEan3/slM0t59SVdHzuHf2jmw==",
        "dependencies": {
          "Microsoft.NETCore.Platforms": "5.0.0",
          "System.Security.Principal.Windows": "5.0.0"
        }
      },
      "System.Security.Cryptography.Cng": {
        "type": "Transitive",
        "resolved": "5.0.0",
        "contentHash": "jIMXsKn94T9JY7PvPq/tMfqa6GAaHpElRDpmG+SuL+D3+sTw2M8VhnibKnN8Tq+4JqbPJ/f+BwtLeDMEnzAvRg==",
        "dependencies": {
          "System.Formats.Asn1": "5.0.0"
        }
      },
      "System.Security.Cryptography.ProtectedData": {
        "type": "Transitive",
        "resolved": "5.0.0",
        "contentHash": "HGxMSAFAPLNoxBvSfW08vHde0F9uh7BjASwu6JF9JnXuEPhCY3YUqURn0+bQV/4UWeaqymmrHWV+Aw9riQCtCA=="
      },
      "System.Security.Permissions": {
        "type": "Transitive",
        "resolved": "5.0.0",
        "contentHash": "uE8juAhEkp7KDBCdjDIE3H9R1HJuEHqeqX8nLX9gmYKWwsqk3T5qZlPx8qle5DPKimC/Fy3AFTdV7HamgCh9qQ==",
        "dependencies": {
          "System.Security.AccessControl": "5.0.0",
          "System.Windows.Extensions": "5.0.0"
        }
      },
      "System.Security.Principal.Windows": {
        "type": "Transitive",
        "resolved": "5.0.0",
        "contentHash": "t0MGLukB5WAVU9bO3MGzvlGnyJPgUlcwerXn1kzBRjwLKixT96XV0Uza41W49gVd8zEMFu9vQEFlv0IOrytICA=="
      },
      "System.Text.Encoding": {
        "type": "Transitive",
        "resolved": "4.3.0",
        "contentHash": "BiIg+KWaSDOITze6jGQynxg64naAPtqGHBwDrLaCtixsa5bKiR8dpPOHA7ge3C0JJQizJE+sfkz1wV+BAKAYZw==",
        "dependencies": {
          "Microsoft.NETCore.Platforms": "1.1.0",
          "Microsoft.NETCore.Targets": "1.1.0",
          "System.Runtime": "4.3.0"
        }
      },
      "System.Text.Encoding.CodePages": {
        "type": "Transitive",
        "resolved": "5.0.0",
        "contentHash": "NyscU59xX6Uo91qvhOs2Ccho3AR2TnZPomo1Z0K6YpyztBPM/A5VbkzOO19sy3A3i1TtEnTxA7bCe3Us+r5MWg==",
        "dependencies": {
          "Microsoft.NETCore.Platforms": "5.0.0"
        }
      },
      "System.Text.Encodings.Web": {
        "type": "Transitive",
        "resolved": "4.7.2",
        "contentHash": "iTUgB/WtrZ1sWZs84F2hwyQhiRH6QNjQv2DkwrH+WP6RoFga2Q1m3f9/Q7FG8cck8AdHitQkmkXSY8qylcDmuA=="
      },
      "System.Text.Json": {
        "type": "Transitive",
        "resolved": "4.7.2",
        "contentHash": "TcMd95wcrubm9nHvJEQs70rC0H/8omiSGGpU4FQ/ZA1URIqD4pjmFJh2Mfv1yH1eHgJDWTi2hMDXwTET+zOOyg=="
      },
      "System.Threading.Tasks": {
        "type": "Transitive",
        "resolved": "4.3.0",
        "contentHash": "LbSxKEdOUhVe8BezB/9uOGGppt+nZf6e1VFyw6v3DN6lqitm0OSn2uXMOdtP0M3W4iMcqcivm2J6UgqiwwnXiA==",
        "dependencies": {
          "Microsoft.NETCore.Platforms": "1.1.0",
          "Microsoft.NETCore.Targets": "1.1.0",
          "System.Runtime": "4.3.0"
        }
      },
      "System.Threading.Tasks.Extensions": {
        "type": "Transitive",
        "resolved": "4.5.4",
        "contentHash": "zteT+G8xuGu6mS+mzDzYXbzS7rd3K6Fjb9RiZlYlJPam2/hU7JCBZBVEcywNuR+oZ1ncTvc/cq0faRr3P01OVg=="
      },
      "System.Windows.Extensions": {
        "type": "Transitive",
        "resolved": "5.0.0",
        "contentHash": "c1ho9WU9ZxMZawML+ssPKZfdnrg/OjR3pe0m9v8230z3acqphwvPJqzAkH54xRYm5ntZHGG1EPP3sux9H3qSPg==",
        "dependencies": {
          "System.Drawing.Common": "5.0.0"
        }
      },
      "CleanArchitecture.Application": {
        "type": "Project",
        "dependencies": {
          "AutoMapper.Extensions.Microsoft.DependencyInjection": "[11.0.0, )",
          "CleanArchitecture.Domain": "[1.0.0, )",
          "FluentValidation.DependencyInjectionExtensions": "[10.3.4, )",
          "MediatR.Extensions.Microsoft.DependencyInjection": "[9.0.0, )",
          "Microsoft.EntityFrameworkCore": "[7.0.0-rc.2.22472.11, )"
        }
      },
      "CleanArchitecture.Domain": {
        "type": "Project",
        "dependencies": {
          "MediatR": "[9.0.0, )"
        }
      },
      "CleanArchitecture.Infrastructure": {
        "type": "Project",
        "dependencies": {
          "CleanArchitecture.Application": "[1.0.0, )",
          "CsvHelper": "[15.0.10, )",
          "Microsoft.AspNetCore.ApiAuthorization.IdentityServer": "[7.0.0-rc.2.22476.2, )",
          "Microsoft.AspNetCore.Diagnostics.EntityFrameworkCore": "[7.0.0-rc.2.22476.2, )",
          "Microsoft.AspNetCore.Identity.EntityFrameworkCore": "[7.0.0-rc.2.22476.2, )",
          "Microsoft.EntityFrameworkCore.InMemory": "[7.0.0-rc.2.22472.11, )",
          "Microsoft.EntityFrameworkCore.SqlServer": "[7.0.0-rc.2.22472.11, )"
        }
      }
    }
  }
}